// !$*UTF8*$!
{
	archiveVersion = 1;
	classes = {
	};
	objectVersion = 55;
	objects = {

/* Begin PBXBuildFile section */
		22B4C7092A6C05C7006BCFA5 /* Cents.cpp in Sources */ = {isa = PBXBuildFile; fileRef = 22B4C7072A6C05C7006BCFA5 /* Cents.cpp */; };
		22C9CD2C2A6ACE7E00A8503C /* main.cpp in Sources */ = {isa = PBXBuildFile; fileRef = 22C9CD2B2A6ACE7E00A8503C /* main.cpp */; };
/* End PBXBuildFile section */

/* Begin PBXCopyFilesBuildPhase section */
		22C9CD262A6ACE7E00A8503C /* CopyFiles */ = {
			isa = PBXCopyFilesBuildPhase;
			buildActionMask = 2147483647;
			dstPath = /usr/share/man/man1/;
			dstSubfolderSpec = 0;
			files = (
			);
			runOnlyForDeploymentPostprocessing = 1;
		};
/* End PBXCopyFilesBuildPhase section */

/* Begin PBXFileReference section */
		22B4C7072A6C05C7006BCFA5 /* Cents.cpp */ = {isa = PBXFileReference; lastKnownFileType = sourcecode.cpp.cpp; path = Cents.cpp; sourceTree = "<group>"; };
		22B4C7082A6C05C7006BCFA5 /* Cents.hpp */ = {isa = PBXFileReference; lastKnownFileType = sourcecode.cpp.h; path = Cents.hpp; sourceTree = "<group>"; };
		22C9CD282A6ACE7E00A8503C /* 14.3_overloading.operators.using.normal.functions */ = {isa = PBXFileReference; explicitFileType = "compiled.mach-o.executable"; includeInIndex = 0; path = 14.3_overloading.operators.using.normal.functions; sourceTree = BUILT_PRODUCTS_DIR; };
		22C9CD2B2A6ACE7E00A8503C /* main.cpp */ = {isa = PBXFileReference; lastKnownFileType = sourcecode.cpp.cpp; path = main.cpp; sourceTree = "<group>"; };
/* End PBXFileReference section */

/* Begin PBXFrameworksBuildPhase section */
		22C9CD252A6ACE7E00A8503C /* Frameworks */ = {
			isa = PBXFrameworksBuildPhase;
			buildActionMask = 2147483647;
			files = (
			);
			runOnlyForDeploymentPostprocessing = 0;
		};
/* End PBXFrameworksBuildPhase section */

/* Begin PBXGroup section */
		22C9CD1F2A6ACE7E00A8503C = {
			isa = PBXGroup;
			children = (
				22C9CD2A2A6ACE7E00A8503C /* 14.3_overloading.operators.using.normal.functions */,
				22C9CD292A6ACE7E00A8503C /* Products */,
			);
			sourceTree = "<group>";
		};
		22C9CD292A6ACE7E00A8503C /* Products */ = {
			isa = PBXGroup;
			children = (
				22C9CD282A6ACE7E00A8503C /* 14.3_overloading.operators.using.normal.functions */,
			);
			name = Products;
			sourceTree = "<group>";
		};
		22C9CD2A2A6ACE7E00A8503C /* 14.3_overloading.operators.using.normal.functions */ = {
			isa = PBXGroup;
			children = (
				22C9CD2B2A6ACE7E00A8503C /* main.cpp */,
				22B4C7072A6C05C7006BCFA5 /* Cents.cpp */,
				22B4C7082A6C05C7006BCFA5 /* Cents.hpp */,
			);
			path = 14.3_overloading.operators.using.normal.functions;
			sourceTree = "<group>";
		};
/* End PBXGroup section */

/* Begin PBXNativeTarget section */
		22C9CD272A6ACE7E00A8503C /* 14.3_overloading.operators.using.normal.functions */ = {
			isa = PBXNativeTarget;
			buildConfigurationList = 22C9CD2F2A6ACE7E00A8503C /* Build configuration list for PBXNativeTarget "14.3_overloading.operators.using.normal.functions" */;
			buildPhases = (
				22C9CD242A6ACE7E00A8503C /* Sources */,
				22C9CD252A6ACE7E00A8503C /* Frameworks */,
				22C9CD262A6ACE7E00A8503C /* CopyFiles */,
			);
			buildRules = (
			);
			dependencies = (
			);
			name = 14.3_overloading.operators.using.normal.functions;
			productName = 14.3_overloading.operators.using.normal.functions;
			productReference = 22C9CD282A6ACE7E00A8503C /* 14.3_overloading.operators.using.normal.functions */;
			productType = "com.apple.product-type.tool";
		};
/* End PBXNativeTarget section */

/* Begin PBXProject section */
		22C9CD202A6ACE7E00A8503C /* Project object */ = {
			isa = PBXProject;
			attributes = {
				BuildIndependentTargetsInParallel = 1;
				LastUpgradeCheck = 1320;
				TargetAttributes = {
					22C9CD272A6ACE7E00A8503C = {
						CreatedOnToolsVersion = 13.2.1;
					};
				};
			};
			buildConfigurationList = 22C9CD232A6ACE7E00A8503C /* Build configuration list for PBXProject "14.3_overloading.operators.using.normal.functions" */;
			compatibilityVersion = "Xcode 13.0";
			developmentRegion = en;
			hasScannedForEncodings = 0;
			knownRegions = (
				en,
				Base,
			);
			mainGroup = 22C9CD1F2A6ACE7E00A8503C;
			productRefGroup = 22C9CD292A6ACE7E00A8503C /* Products */;
			projectDirPath = "";
			projectRoot = "";
			targets = (
				22C9CD272A6ACE7E00A8503C /* 14.3_overloading.operators.using.normal.functions */,
			);
		};
/* End PBXProject section */

/* Begin PBXSourcesBuildPhase section */
		22C9CD242A6ACE7E00A8503C /* Sources */ = {
			isa = PBXSourcesBuildPhase;
			buildActionMask = 2147483647;
			files = (
				22C9CD2C2A6ACE7E00A8503C /* main.cpp in Sources */,
				22B4C7092A6C05C7006BCFA5 /* Cents.cpp in Sources */,
			);
			runOnlyForDeploymentPostprocessing = 0;
		};
/* End PBXSourcesBuildPhase section */

/* Begin XCBuildConfiguration section */
		22C9CD2D2A6ACE7E00A8503C /* Debug */ = {
			isa = XCBuildConfiguration;
			buildSettings = {
				ALWAYS_SEARCH_USER_PATHS = NO;
				CLANG_ANALYZER_NONNULL = YES;
				CLANG_ANALYZER_NUMBER_OBJECT_CONVERSION = YES_AGGRESSIVE;
				CLANG_CXX_LANGUAGE_STANDARD = "gnu++17";
				CLANG_CXX_LIBRARY = "libc++";
				CLANG_ENABLE_MODULES = YES;
				CLANG_ENABLE_OBJC_ARC = YES;
				CLANG_ENABLE_OBJC_WEAK = YES;
				CLANG_WARN_BLOCK_CAPTURE_AUTORELEASING = YES;
				CLANG_WARN_BOOL_CONVERSION = YES;
				CLANG_WARN_COMMA = YES;
				CLANG_WARN_CONSTANT_CONVERSION = YES;
				CLANG_WARN_DEPRECATED_OBJC_IMPLEMENTATIONS = YES;
				CLANG_WARN_DIRECT_OBJC_ISA_USAGE = YES_ERROR;
				CLANG_WARN_DOCUMENTATION_COMMENTS = YES;
				CLANG_WARN_EMPTY_BODY = YES;
				CLANG_WARN_ENUM_CONVERSION = YES;
				CLANG_WARN_INFINITE_RECURSION = YES;
				CLANG_WARN_INT_CONVERSION = YES;
				CLANG_WARN_NON_LITERAL_NULL_CONVERSION = YES;
				CLANG_WARN_OBJC_IMPLICIT_RETAIN_SELF = YES;
				CLANG_WARN_OBJC_LITERAL_CONVERSION = YES;
				CLANG_WARN_OBJC_ROOT_CLASS = YES_ERROR;
				CLANG_WARN_QUOTED_INCLUDE_IN_FRAMEWORK_HEADER = YES;
				CLANG_WARN_RANGE_LOOP_ANALYSIS = YES;
				CLANG_WARN_STRICT_PROTOTYPES = YES;
				CLANG_WARN_SUSPICIOUS_MOVE = YES;
				CLANG_WARN_UNGUARDED_AVAILABILITY = YES_AGGRESSIVE;
				CLANG_WARN_UNREACHABLE_CODE = YES;
				CLANG_WARN__DUPLICATE_METHOD_MATCH = YES;
				COPY_PHASE_STRIP = NO;
				DEBUG_INFORMATION_FORMAT = dwarf;
				ENABLE_STRICT_OBJC_MSGSEND = YES;
				ENABLE_TESTABILITY = YES;
				GCC_C_LANGUAGE_STANDARD = gnu11;
				GCC_DYNAMIC_NO_PIC = NO;
				GCC_NO_COMMON_BLOCKS = YES;
				GCC_OPTIMIZATION_LEVEL = 0;
				GCC_PREPROCESSOR_DEFINITIONS = (
					"DEBUG=1",
					"$(inherited)",
				);
				GCC_WARN_64_TO_32_BIT_CONVERSION = YES;
				GCC_WARN_ABOUT_RETURN_TYPE = YES_ERROR;
				GCC_WARN_UNDECLARED_SELECTOR = YES;
				GCC_WARN_UNINITIALIZED_AUTOS = YES_AGGRESSIVE;
				GCC_WARN_UNUSED_FUNCTION = YES;
				GCC_WARN_UNUSED_VARIABLE = YES;
				MACOSX_DEPLOYMENT_TARGET = 11.7;
				MTL_ENABLE_DEBUG_INFO = INCLUDE_SOURCE;
				MTL_FAST_MATH = YES;
				ONLY_ACTIVE_ARCH = YES;
				SDKROOT = macosx;
			};
			name = Debug;
		};
		22C9CD2E2A6ACE7E00A8503C /* Release */ = {
			isa = XCBuildConfiguration;
			buildSettings = {
				ALWAYS_SEARCH_USER_PATHS = NO;
				CLANG_ANALYZER_NONNULL = YES;
				CLANG_ANALYZER_NUMBER_OBJECT_CONVERSION = YES_AGGRESSIVE;
				CLANG_CXX_LANGUAGE_STANDARD = "gnu++17";
				CLANG_CXX_LIBRARY = "libc++";
				CLANG_ENABLE_MODULES = YES;
				CLANG_ENABLE_OBJC_ARC = YES;
				CLANG_ENABLE_OBJC_WEAK = YES;
				CLANG_WARN_BLOCK_CAPTURE_AUTORELEASING = YES;
				CLANG_WARN_BOOL_CONVERSION = YES;
				CLANG_WARN_COMMA = YES;
				CLANG_WARN_CONSTANT_CONVERSION = YES;
				CLANG_WARN_DEPRECATED_OBJC_IMPLEMENTATIONS = YES;
				CLANG_WARN_DIRECT_OBJC_ISA_USAGE = YES_ERROR;
				CLANG_WARN_DOCUMENTATION_COMMENTS = YES;
				CLANG_WARN_EMPTY_BODY = YES;
				CLANG_WARN_ENUM_CONVERSION = YES;
				CLANG_WARN_INFINITE_RECURSION = YES;
				CLANG_WARN_INT_CONVERSION = YES;
				CLANG_WARN_NON_LITERAL_NULL_CONVERSION = YES;
				CLANG_WARN_OBJC_IMPLICIT_RETAIN_SELF = YES;
				CLANG_WARN_OBJC_LITERAL_CONVERSION = YES;
				CLANG_WARN_OBJC_ROOT_CLASS = YES_ERROR;
				CLANG_WARN_QUOTED_INCLUDE_IN_FRAMEWORK_HEADER = YES;
				CLANG_WARN_RANGE_LOOP_ANALYSIS = YES;
				CLANG_WARN_STRICT_PROTOTYPES = YES;
				CLANG_WARN_SUSPICIOUS_MOVE = YES;
				CLANG_WARN_UNGUARDED_AVAILABILITY = YES_AGGRESSIVE;
				CLANG_WARN_UNREACHABLE_CODE = YES;
				CLANG_WARN__DUPLICATE_METHOD_MATCH = YES;
				COPY_PHASE_STRIP = NO;
				DEBUG_INFORMATION_FORMAT = "dwarf-with-dsym";
				ENABLE_NS_ASSERTIONS = NO;
				ENABLE_STRICT_OBJC_MSGSEND = YES;
				GCC_C_LANGUAGE_STANDARD = gnu11;
				GCC_NO_COMMON_BLOCKS = YES;
				GCC_WARN_64_TO_32_BIT_CONVERSION = YES;
				GCC_WARN_ABOUT_RETURN_TYPE = YES_ERROR;
				GCC_WARN_UNDECLARED_SELECTOR = YES;
				GCC_WARN_UNINITIALIZED_AUTOS = YES_AGGRESSIVE;
				GCC_WARN_UNUSED_FUNCTION = YES;
				GCC_WARN_UNUSED_VARIABLE = YES;
				MACOSX_DEPLOYMENT_TARGET = 11.7;
				MTL_ENABLE_DEBUG_INFO = NO;
				MTL_FAST_MATH = YES;
				SDKROOT = macosx;
			};
			name = Release;
		};
		22C9CD302A6ACE7E00A8503C /* Debug */ = {
			isa = XCBuildConfiguration;
			buildSettings = {
				CODE_SIGN_STYLE = Automatic;
				PRODUCT_NAME = "$(TARGET_NAME)";
			};
			name = Debug;
		};
		22C9CD312A6ACE7E00A8503C /* Release */ = {
			isa = XCBuildConfiguration;
			buildSettings = {
				CODE_SIGN_STYLE = Automatic;
				PRODUCT_NAME = "$(TARGET_NAME)";
			};
			name = Release;
		};
/* End XCBuildConfiguration section */

/* Begin XCConfigurationList section */
		22C9CD232A6ACE7E00A8503C /* Build configuration list for PBXProject "14.3_overloading.operators.using.normal.functions" */ = {
			isa = XCConfigurationList;
			buildConfigurations = (
				22C9CD2D2A6ACE7E00A8503C /* Debug */,
				22C9CD2E2A6ACE7E00A8503C /* Release */,
			);
			defaultConfigurationIsVisible = 0;
			defaultConfigurationName = Release;
		};
		22C9CD2F2A6ACE7E00A8503C /* Build configuration list for PBXNativeTarget "14.3_overloading.operators.using.normal.functions" */ = {
			isa = XCConfigurationList;
			buildConfigurations = (
				22C9CD302A6ACE7E00A8503C /* Debug */,
				22C9CD312A6ACE7E00A8503C /* Release */,
			);
			defaultConfigurationIsVisible = 0;
			defaultConfigurationName = Release;
		};
/* End XCConfigurationList section */
	};
	rootObject = 22C9CD202A6ACE7E00A8503C /* Project object */;
}
